{
  "pins" : [
    {
      "identity" : "realm-core",
      "kind" : "remoteSourceControl",
      "location" : "https://github.com/realm/realm-core.git",
      "state" : {
        "revision" : "72226e2fd84f3a3a8ab3cffc2890c7951f1351d5",
        "version" : "13.10.1"
      }
    },
    {
      "identity" : "realm-swift",
      "kind" : "remoteSourceControl",
      "location" : "https://github.com/realm/realm-swift",
      "state" : {
        "branch" : "master",
        "revision" : "ae7c6ddd0681d5fb6ee5026df43b3710f6ab8c82"
      }
    },
    {
      "identity" : "sdwebimage",
      "kind" : "remoteSourceControl",
      "location" : "https://github.com/SDWebImage/SDWebImage.git",
      "state" : {
        "branch" : "master",
        "revision" : "20df851f2ae27efbaeeff73e9babdf4fd839a144"
      }
    }
  ],
  "version" : 2
}
