// !$*UTF8*$!
{
	archiveVersion = 1;
	classes = {
	};
	objectVersion = 56;
	objects = {

/* Begin PBXBuildFile section */
		350D2DBE29FB2A7200826635 /* MainView.swift in Sources */ = {isa = PBXBuildFile; fileRef = 350D2DBD29FB2A7200826635 /* MainView.swift */; };
		350D2DC029FB2A7F00826635 /* MainViewController.swift in Sources */ = {isa = PBXBuildFile; fileRef = 350D2DBF29FB2A7F00826635 /* MainViewController.swift */; };
		350D2DC229FB2A8A00826635 /* MainViewPresenter.swift in Sources */ = {isa = PBXBuildFile; fileRef = 350D2DC129FB2A8A00826635 /* MainViewPresenter.swift */; };
		350D2DC429FB2A9F00826635 /* DetailView.swift in Sources */ = {isa = PBXBuildFile; fileRef = 350D2DC329FB2A9F00826635 /* DetailView.swift */; };
		350D2DC629FB2AB200826635 /* DetailViewController.swift in Sources */ = {isa = PBXBuildFile; fileRef = 350D2DC529FB2AB200826635 /* DetailViewController.swift */; };
		350D2DC829FB2ABE00826635 /* DetailViewPresenter.swift in Sources */ = {isa = PBXBuildFile; fileRef = 350D2DC729FB2ABE00826635 /* DetailViewPresenter.swift */; };
		350D2DCA29FB2D8000826635 /* API.swift in Sources */ = {isa = PBXBuildFile; fileRef = 350D2DC929FB2D8000826635 /* API.swift */; };
		35121F292A044EE200F96CFB /* MainTableViewCell.swift in Sources */ = {isa = PBXBuildFile; fileRef = 35121F282A044EE200F96CFB /* MainTableViewCell.swift */; };
		35121F2B2A046A8300F96CFB /* ReusableCell.swift in Sources */ = {isa = PBXBuildFile; fileRef = 35121F2A2A046A8300F96CFB /* ReusableCell.swift */; };
		356994D929F8049C009ECB6A /* AppDelegate.swift in Sources */ = {isa = PBXBuildFile; fileRef = 356994D829F8049C009ECB6A /* AppDelegate.swift */; };
		356994DB29F8049C009ECB6A /* SceneDelegate.swift in Sources */ = {isa = PBXBuildFile; fileRef = 356994DA29F8049C009ECB6A /* SceneDelegate.swift */; };
		356994DD29F8049C009ECB6A /* ViewController.swift in Sources */ = {isa = PBXBuildFile; fileRef = 356994DC29F8049C009ECB6A /* ViewController.swift */; };
		356994E229F8049F009ECB6A /* Assets.xcassets in Resources */ = {isa = PBXBuildFile; fileRef = 356994E129F8049F009ECB6A /* Assets.xcassets */; };
		356994E529F8049F009ECB6A /* LaunchScreen.storyboard in Resources */ = {isa = PBXBuildFile; fileRef = 356994E329F8049F009ECB6A /* LaunchScreen.storyboard */; };
		35B1FE692A1CED64009F34AF /* APIUnitTest.swift in Sources */ = {isa = PBXBuildFile; fileRef = 35B1FE682A1CED64009F34AF /* APIUnitTest.swift */; };
		35B1FE6C2A1CF9FF009F34AF /* SDWebImage in Frameworks */ = {isa = PBXBuildFile; productRef = 35B1FE6B2A1CF9FF009F34AF /* SDWebImage */; };
		35B1FE6E2A1CFA03009F34AF /* SDWebImageMapKit in Frameworks */ = {isa = PBXBuildFile; productRef = 35B1FE6D2A1CFA03009F34AF /* SDWebImageMapKit */; };
		35B930A82A030D950067B1D5 /* UIView+Extension.swift in Sources */ = {isa = PBXBuildFile; fileRef = 35B930A72A030D950067B1D5 /* UIView+Extension.swift */; };
		35B930AB2A030DD40067B1D5 /* SDWebImage in Frameworks */ = {isa = PBXBuildFile; productRef = 35B930AA2A030DD40067B1D5 /* SDWebImage */; };
		35B930AD2A030DD40067B1D5 /* SDWebImageMapKit in Frameworks */ = {isa = PBXBuildFile; productRef = 35B930AC2A030DD40067B1D5 /* SDWebImageMapKit */; };
		35C72C032A1E675A00A72F2D /* MainViewPresenterTests.swift in Sources */ = {isa = PBXBuildFile; fileRef = 35C72C022A1E675A00A72F2D /* MainViewPresenterTests.swift */; };
		35C72C072A1E6B5000A72F2D /* MockHeroAPI.swift in Sources */ = {isa = PBXBuildFile; fileRef = 35C72C062A1E6B5000A72F2D /* MockHeroAPI.swift */; };
		35DCF3F02A06EC220001A62D /* HeroAPI.swift in Sources */ = {isa = PBXBuildFile; fileRef = 35DCF3EF2A06EC220001A62D /* HeroAPI.swift */; };
		35EADE7E29F9397C007AD942 /* Hero.swift in Sources */ = {isa = PBXBuildFile; fileRef = 35EADE7D29F9397C007AD942 /* Hero.swift */; };
		35EADE8129F94823007AD942 /* Constants.swift in Sources */ = {isa = PBXBuildFile; fileRef = 35EADE8029F94823007AD942 /* Constants.swift */; };
		35EADE8429F9489D007AD942 /* APIError.swift in Sources */ = {isa = PBXBuildFile; fileRef = 35EADE8329F9489D007AD942 /* APIError.swift */; };
		35EADE8829F94F4C007AD942 /* DependencyContainer.swift in Sources */ = {isa = PBXBuildFile; fileRef = 35EADE8729F94F4C007AD942 /* DependencyContainer.swift */; };
		35F619E82A067D12001DD9EC /* HTTPMethod.swift in Sources */ = {isa = PBXBuildFile; fileRef = 35F619E72A067D12001DD9EC /* HTTPMethod.swift */; };
		35F619EA2A067D70001DD9EC /* APIProtocol.swift in Sources */ = {isa = PBXBuildFile; fileRef = 35F619E92A067D70001DD9EC /* APIProtocol.swift */; };
		35F619F22A068734001DD9EC /* DotaHeroes_iOSTests.swift in Sources */ = {isa = PBXBuildFile; fileRef = 35F619F12A068734001DD9EC /* DotaHeroes_iOSTests.swift */; };
/* End PBXBuildFile section */

/* Begin PBXContainerItemProxy section */
		35F619F32A068734001DD9EC /* PBXContainerItemProxy */ = {
			isa = PBXContainerItemProxy;
			containerPortal = 356994CD29F8049C009ECB6A /* Project object */;
			proxyType = 1;
			remoteGlobalIDString = 356994D429F8049C009ECB6A;
			remoteInfo = "DotaHeroes-iOS";
		};
/* End PBXContainerItemProxy section */

/* Begin PBXFileReference section */
		350D2DBD29FB2A7200826635 /* MainView.swift */ = {isa = PBXFileReference; lastKnownFileType = sourcecode.swift; path = MainView.swift; sourceTree = "<group>"; };
		350D2DBF29FB2A7F00826635 /* MainViewController.swift */ = {isa = PBXFileReference; lastKnownFileType = sourcecode.swift; path = MainViewController.swift; sourceTree = "<group>"; };
		350D2DC129FB2A8A00826635 /* MainViewPresenter.swift */ = {isa = PBXFileReference; lastKnownFileType = sourcecode.swift; path = MainViewPresenter.swift; sourceTree = "<group>"; };
		350D2DC329FB2A9F00826635 /* DetailView.swift */ = {isa = PBXFileReference; lastKnownFileType = sourcecode.swift; path = DetailView.swift; sourceTree = "<group>"; };
		350D2DC529FB2AB200826635 /* DetailViewController.swift */ = {isa = PBXFileReference; lastKnownFileType = sourcecode.swift; path = DetailViewController.swift; sourceTree = "<group>"; };
		350D2DC729FB2ABE00826635 /* DetailViewPresenter.swift */ = {isa = PBXFileReference; lastKnownFileType = sourcecode.swift; path = DetailViewPresenter.swift; sourceTree = "<group>"; };
		350D2DC929FB2D8000826635 /* API.swift */ = {isa = PBXFileReference; lastKnownFileType = sourcecode.swift; path = API.swift; sourceTree = "<group>"; };
		35121F282A044EE200F96CFB /* MainTableViewCell.swift */ = {isa = PBXFileReference; lastKnownFileType = sourcecode.swift; path = MainTableViewCell.swift; sourceTree = "<group>"; };
		35121F2A2A046A8300F96CFB /* ReusableCell.swift */ = {isa = PBXFileReference; lastKnownFileType = sourcecode.swift; path = ReusableCell.swift; sourceTree = "<group>"; };
		356994D529F8049C009ECB6A /* DotaHeroes-iOS.app */ = {isa = PBXFileReference; explicitFileType = wrapper.application; includeInIndex = 0; path = "DotaHeroes-iOS.app"; sourceTree = BUILT_PRODUCTS_DIR; };
		356994D829F8049C009ECB6A /* AppDelegate.swift */ = {isa = PBXFileReference; lastKnownFileType = sourcecode.swift; path = AppDelegate.swift; sourceTree = "<group>"; };
		356994DA29F8049C009ECB6A /* SceneDelegate.swift */ = {isa = PBXFileReference; lastKnownFileType = sourcecode.swift; path = SceneDelegate.swift; sourceTree = "<group>"; };
		356994DC29F8049C009ECB6A /* ViewController.swift */ = {isa = PBXFileReference; lastKnownFileType = sourcecode.swift; path = ViewController.swift; sourceTree = "<group>"; };
		356994E129F8049F009ECB6A /* Assets.xcassets */ = {isa = PBXFileReference; lastKnownFileType = folder.assetcatalog; path = Assets.xcassets; sourceTree = "<group>"; };
		356994E429F8049F009ECB6A /* Base */ = {isa = PBXFileReference; lastKnownFileType = file.storyboard; name = Base; path = Base.lproj/LaunchScreen.storyboard; sourceTree = "<group>"; };
		356994E629F8049F009ECB6A /* Info.plist */ = {isa = PBXFileReference; lastKnownFileType = text.plist.xml; path = Info.plist; sourceTree = "<group>"; };
		35B1FE682A1CED64009F34AF /* APIUnitTest.swift */ = {isa = PBXFileReference; lastKnownFileType = sourcecode.swift; path = APIUnitTest.swift; sourceTree = "<group>"; };
		35B930A72A030D950067B1D5 /* UIView+Extension.swift */ = {isa = PBXFileReference; lastKnownFileType = sourcecode.swift; path = "UIView+Extension.swift"; sourceTree = "<group>"; };
		35C72C022A1E675A00A72F2D /* MainViewPresenterTests.swift */ = {isa = PBXFileReference; lastKnownFileType = sourcecode.swift; path = MainViewPresenterTests.swift; sourceTree = "<group>"; };
		35C72C062A1E6B5000A72F2D /* MockHeroAPI.swift */ = {isa = PBXFileReference; lastKnownFileType = sourcecode.swift; path = MockHeroAPI.swift; sourceTree = "<group>"; };
		35DCF3EF2A06EC220001A62D /* HeroAPI.swift */ = {isa = PBXFileReference; lastKnownFileType = sourcecode.swift; path = HeroAPI.swift; sourceTree = "<group>"; };
		35EADE7D29F9397C007AD942 /* Hero.swift */ = {isa = PBXFileReference; lastKnownFileType = sourcecode.swift; path = Hero.swift; sourceTree = "<group>"; };
		35EADE8029F94823007AD942 /* Constants.swift */ = {isa = PBXFileReference; lastKnownFileType = sourcecode.swift; path = Constants.swift; sourceTree = "<group>"; };
		35EADE8329F9489D007AD942 /* APIError.swift */ = {isa = PBXFileReference; lastKnownFileType = sourcecode.swift; path = APIError.swift; sourceTree = "<group>"; };
		35EADE8729F94F4C007AD942 /* DependencyContainer.swift */ = {isa = PBXFileReference; lastKnownFileType = sourcecode.swift; path = DependencyContainer.swift; sourceTree = "<group>"; };
		35F619E72A067D12001DD9EC /* HTTPMethod.swift */ = {isa = PBXFileReference; lastKnownFileType = sourcecode.swift; path = HTTPMethod.swift; sourceTree = "<group>"; };
		35F619E92A067D70001DD9EC /* APIProtocol.swift */ = {isa = PBXFileReference; lastKnownFileType = sourcecode.swift; path = APIProtocol.swift; sourceTree = "<group>"; };
		35F619EF2A068734001DD9EC /* DotaHeroes-iOSTests.xctest */ = {isa = PBXFileReference; explicitFileType = wrapper.cfbundle; includeInIndex = 0; path = "DotaHeroes-iOSTests.xctest"; sourceTree = BUILT_PRODUCTS_DIR; };
		35F619F12A068734001DD9EC /* DotaHeroes_iOSTests.swift */ = {isa = PBXFileReference; lastKnownFileType = sourcecode.swift; path = DotaHeroes_iOSTests.swift; sourceTree = "<group>"; };
/* End PBXFileReference section */

/* Begin PBXFrameworksBuildPhase section */
		356994D229F8049C009ECB6A /* Frameworks */ = {
			isa = PBXFrameworksBuildPhase;
			buildActionMask = 2147483647;
			files = (
				35B930AD2A030DD40067B1D5 /* SDWebImageMapKit in Frameworks */,
				35B930AB2A030DD40067B1D5 /* SDWebImage in Frameworks */,
			);
			runOnlyForDeploymentPostprocessing = 0;
		};
		35F619EC2A068734001DD9EC /* Frameworks */ = {
			isa = PBXFrameworksBuildPhase;
			buildActionMask = 2147483647;
			files = (
				35B1FE6E2A1CFA03009F34AF /* SDWebImageMapKit in Frameworks */,
				35B1FE6C2A1CF9FF009F34AF /* SDWebImage in Frameworks */,
			);
			runOnlyForDeploymentPostprocessing = 0;
		};
/* End PBXFrameworksBuildPhase section */

/* Begin PBXGroup section */
		35121F272A044E6C00F96CFB /* Cell */ = {
			isa = PBXGroup;
			children = (
				35121F282A044EE200F96CFB /* MainTableViewCell.swift */,
			);
			path = Cell;
			sourceTree = "<group>";
		};
		35625CDF2A19719B00BB1F6F /* NetworkUnitTest */ = {
			isa = PBXGroup;
			children = (
				35B1FE682A1CED64009F34AF /* APIUnitTest.swift */,
			);
			path = NetworkUnitTest;
			sourceTree = "<group>";
		};
		356994CC29F8049C009ECB6A = {
			isa = PBXGroup;
			children = (
				356994D729F8049C009ECB6A /* DotaHeroes-iOS */,
				35F619F02A068734001DD9EC /* DotaHeroes-iOSTests */,
				356994D629F8049C009ECB6A /* Products */,
				35B1FE6A2A1CF9FF009F34AF /* Frameworks */,
			);
			sourceTree = "<group>";
		};
		356994D629F8049C009ECB6A /* Products */ = {
			isa = PBXGroup;
			children = (
				356994D529F8049C009ECB6A /* DotaHeroes-iOS.app */,
				35F619EF2A068734001DD9EC /* DotaHeroes-iOSTests.xctest */,
			);
			name = Products;
			sourceTree = "<group>";
		};
		356994D729F8049C009ECB6A /* DotaHeroes-iOS */ = {
			isa = PBXGroup;
			children = (
				35F619F82A0689CE001DD9EC /* Protocols */,
				356994F429F80BE7009ECB6A /* Resources */,
				356994F329F80BD2009ECB6A /* Network */,
				356994F229F80BC8009ECB6A /* Model */,
				356994EC29F80B3C009ECB6A /* Main */,
				356994ED29F80B47009ECB6A /* Detail */,
				356994D829F8049C009ECB6A /* AppDelegate.swift */,
				356994DA29F8049C009ECB6A /* SceneDelegate.swift */,
				356994DC29F8049C009ECB6A /* ViewController.swift */,
				356994E129F8049F009ECB6A /* Assets.xcassets */,
				356994E329F8049F009ECB6A /* LaunchScreen.storyboard */,
				356994E629F8049F009ECB6A /* Info.plist */,
			);
			path = "DotaHeroes-iOS";
			sourceTree = "<group>";
		};
		356994EC29F80B3C009ECB6A /* Main */ = {
			isa = PBXGroup;
			children = (
				35121F272A044E6C00F96CFB /* Cell */,
				356994F129F80BAC009ECB6A /* View */,
				356994F029F80BA1009ECB6A /* Controller */,
				356994EF29F80B97009ECB6A /* Presenter */,
				356994EE29F80B7B009ECB6A /* Protocols */,
			);
			path = Main;
			sourceTree = "<group>";
		};
		356994ED29F80B47009ECB6A /* Detail */ = {
			isa = PBXGroup;
			children = (
				356994F529F80C10009ECB6A /* View */,
				356994F629F80C1D009ECB6A /* Controller */,
				356994F729F80C2D009ECB6A /* Presenter */,
				356994F829F80C36009ECB6A /* Protocols */,
			);
			path = Detail;
			sourceTree = "<group>";
		};
		356994EE29F80B7B009ECB6A /* Protocols */ = {
			isa = PBXGroup;
			children = (
			);
			path = Protocols;
			sourceTree = "<group>";
		};
		356994EF29F80B97009ECB6A /* Presenter */ = {
			isa = PBXGroup;
			children = (
				350D2DC129FB2A8A00826635 /* MainViewPresenter.swift */,
			);
			path = Presenter;
			sourceTree = "<group>";
		};
		356994F029F80BA1009ECB6A /* Controller */ = {
			isa = PBXGroup;
			children = (
				350D2DBF29FB2A7F00826635 /* MainViewController.swift */,
			);
			path = Controller;
			sourceTree = "<group>";
		};
		356994F129F80BAC009ECB6A /* View */ = {
			isa = PBXGroup;
			children = (
				350D2DBD29FB2A7200826635 /* MainView.swift */,
			);
			path = View;
			sourceTree = "<group>";
		};
		356994F229F80BC8009ECB6A /* Model */ = {
			isa = PBXGroup;
			children = (
				35EADE7D29F9397C007AD942 /* Hero.swift */,
			);
			path = Model;
			sourceTree = "<group>";
		};
		356994F329F80BD2009ECB6A /* Network */ = {
			isa = PBXGroup;
			children = (
				350D2DC929FB2D8000826635 /* API.swift */,
				35DCF3EF2A06EC220001A62D /* HeroAPI.swift */,
			);
			path = Network;
			sourceTree = "<group>";
		};
		356994F429F80BE7009ECB6A /* Resources */ = {
			isa = PBXGroup;
			children = (
				35EADE8029F94823007AD942 /* Constants.swift */,
				35EADE8329F9489D007AD942 /* APIError.swift */,
				35EADE8729F94F4C007AD942 /* DependencyContainer.swift */,
				35B930A72A030D950067B1D5 /* UIView+Extension.swift */,
				35F619E72A067D12001DD9EC /* HTTPMethod.swift */,
			);
			path = Resources;
			sourceTree = "<group>";
		};
		356994F529F80C10009ECB6A /* View */ = {
			isa = PBXGroup;
			children = (
				350D2DC329FB2A9F00826635 /* DetailView.swift */,
			);
			path = View;
			sourceTree = "<group>";
		};
		356994F629F80C1D009ECB6A /* Controller */ = {
			isa = PBXGroup;
			children = (
				350D2DC529FB2AB200826635 /* DetailViewController.swift */,
			);
			path = Controller;
			sourceTree = "<group>";
		};
		356994F729F80C2D009ECB6A /* Presenter */ = {
			isa = PBXGroup;
			children = (
				350D2DC729FB2ABE00826635 /* DetailViewPresenter.swift */,
			);
			path = Presenter;
			sourceTree = "<group>";
		};
		356994F829F80C36009ECB6A /* Protocols */ = {
			isa = PBXGroup;
			children = (
			);
			path = Protocols;
			sourceTree = "<group>";
		};
		35B1FE6A2A1CF9FF009F34AF /* Frameworks */ = {
			isa = PBXGroup;
			children = (
			);
			name = Frameworks;
			sourceTree = "<group>";
		};
		35C72C012A1E674100A72F2D /* PresenterTests */ = {
			isa = PBXGroup;
			children = (
				35C72C022A1E675A00A72F2D /* MainViewPresenterTests.swift */,
			);
			path = PresenterTests;
			sourceTree = "<group>";
		};
		35C72C052A1E6B4000A72F2D /* Mocks */ = {
			isa = PBXGroup;
			children = (
				35C72C062A1E6B5000A72F2D /* MockHeroAPI.swift */,
			);
			path = Mocks;
			sourceTree = "<group>";
		};
		35C72C082A1E6CAD00A72F2D /* MainView */ = {
			isa = PBXGroup;
			children = (
				35C72C052A1E6B4000A72F2D /* Mocks */,
				35C72C012A1E674100A72F2D /* PresenterTests */,
			);
			path = MainView;
			sourceTree = "<group>";
		};
		35F619F02A068734001DD9EC /* DotaHeroes-iOSTests */ = {
			isa = PBXGroup;
			children = (
				35C72C082A1E6CAD00A72F2D /* MainView */,
				35625CDF2A19719B00BB1F6F /* NetworkUnitTest */,
				35F619F12A068734001DD9EC /* DotaHeroes_iOSTests.swift */,
			);
			path = "DotaHeroes-iOSTests";
			sourceTree = "<group>";
		};
		35F619F82A0689CE001DD9EC /* Protocols */ = {
			isa = PBXGroup;
			children = (
				35121F2A2A046A8300F96CFB /* ReusableCell.swift */,
				35F619E92A067D70001DD9EC /* APIProtocol.swift */,
			);
			path = Protocols;
			sourceTree = "<group>";
		};
/* End PBXGroup section */

/* Begin PBXNativeTarget section */
		356994D429F8049C009ECB6A /* DotaHeroes-iOS */ = {
			isa = PBXNativeTarget;
			buildConfigurationList = 356994E929F8049F009ECB6A /* Build configuration list for PBXNativeTarget "DotaHeroes-iOS" */;
			buildPhases = (
				356994D129F8049C009ECB6A /* Sources */,
				356994D229F8049C009ECB6A /* Frameworks */,
				356994D329F8049C009ECB6A /* Resources */,
			);
			buildRules = (
			);
			dependencies = (
			);
			name = "DotaHeroes-iOS";
			packageProductDependencies = (
				35B930AA2A030DD40067B1D5 /* SDWebImage */,
				35B930AC2A030DD40067B1D5 /* SDWebImageMapKit */,
			);
			productName = "DotaHeroes-iOS";
			productReference = 356994D529F8049C009ECB6A /* DotaHeroes-iOS.app */;
			productType = "com.apple.product-type.application";
		};
		35F619EE2A068734001DD9EC /* DotaHeroes-iOSTests */ = {
			isa = PBXNativeTarget;
			buildConfigurationList = 35F619F52A068734001DD9EC /* Build configuration list for PBXNativeTarget "DotaHeroes-iOSTests" */;
			buildPhases = (
				35F619EB2A068734001DD9EC /* Sources */,
				35F619EC2A068734001DD9EC /* Frameworks */,
				35F619ED2A068734001DD9EC /* Resources */,
			);
			buildRules = (
			);
			dependencies = (
				35F619F42A068734001DD9EC /* PBXTargetDependency */,
			);
			name = "DotaHeroes-iOSTests";
			packageProductDependencies = (
				35B1FE6B2A1CF9FF009F34AF /* SDWebImage */,
				35B1FE6D2A1CFA03009F34AF /* SDWebImageMapKit */,
			);
			productName = "DotaHeroes-iOSTests";
			productReference = 35F619EF2A068734001DD9EC /* DotaHeroes-iOSTests.xctest */;
			productType = "com.apple.product-type.bundle.unit-test";
		};
/* End PBXNativeTarget section */

/* Begin PBXProject section */
		356994CD29F8049C009ECB6A /* Project object */ = {
			isa = PBXProject;
			attributes = {
				BuildIndependentTargetsInParallel = 1;
				LastSwiftUpdateCheck = 1420;
				LastUpgradeCheck = 1420;
				TargetAttributes = {
					356994D429F8049C009ECB6A = {
						CreatedOnToolsVersion = 14.2;
					};
					35F619EE2A068734001DD9EC = {
						CreatedOnToolsVersion = 14.2;
						TestTargetID = 356994D429F8049C009ECB6A;
					};
				};
			};
			buildConfigurationList = 356994D029F8049C009ECB6A /* Build configuration list for PBXProject "DotaHeroes-iOS" */;
			compatibilityVersion = "Xcode 14.0";
			developmentRegion = en;
			hasScannedForEncodings = 0;
			knownRegions = (
				en,
				Base,
			);
			mainGroup = 356994CC29F8049C009ECB6A;
			packageReferences = (
				35B930A92A030DD40067B1D5 /* XCRemoteSwiftPackageReference "SDWebImage" */,
			);
			productRefGroup = 356994D629F8049C009ECB6A /* Products */;
			projectDirPath = "";
			projectRoot = "";
			targets = (
				356994D429F8049C009ECB6A /* DotaHeroes-iOS */,
				35F619EE2A068734001DD9EC /* DotaHeroes-iOSTests */,
			);
		};
/* End PBXProject section */

/* Begin PBXResourcesBuildPhase section */
		356994D329F8049C009ECB6A /* Resources */ = {
			isa = PBXResourcesBuildPhase;
			buildActionMask = 2147483647;
			files = (
				356994E529F8049F009ECB6A /* LaunchScreen.storyboard in Resources */,
				356994E229F8049F009ECB6A /* Assets.xcassets in Resources */,
			);
			runOnlyForDeploymentPostprocessing = 0;
		};
		35F619ED2A068734001DD9EC /* Resources */ = {
			isa = PBXResourcesBuildPhase;
			buildActionMask = 2147483647;
			files = (
			);
			runOnlyForDeploymentPostprocessing = 0;
		};
/* End PBXResourcesBuildPhase section */

/* Begin PBXSourcesBuildPhase section */
		356994D129F8049C009ECB6A /* Sources */ = {
			isa = PBXSourcesBuildPhase;
			buildActionMask = 2147483647;
			files = (
				35EADE8829F94F4C007AD942 /* DependencyContainer.swift in Sources */,
				35121F2B2A046A8300F96CFB /* ReusableCell.swift in Sources */,
				35121F292A044EE200F96CFB /* MainTableViewCell.swift in Sources */,
				350D2DC829FB2ABE00826635 /* DetailViewPresenter.swift in Sources */,
				350D2DBE29FB2A7200826635 /* MainView.swift in Sources */,
				35B930A82A030D950067B1D5 /* UIView+Extension.swift in Sources */,
				350D2DC229FB2A8A00826635 /* MainViewPresenter.swift in Sources */,
				350D2DC629FB2AB200826635 /* DetailViewController.swift in Sources */,
				35DCF3F02A06EC220001A62D /* HeroAPI.swift in Sources */,
				35EADE8129F94823007AD942 /* Constants.swift in Sources */,
				356994DD29F8049C009ECB6A /* ViewController.swift in Sources */,
				350D2DC429FB2A9F00826635 /* DetailView.swift in Sources */,
				356994D929F8049C009ECB6A /* AppDelegate.swift in Sources */,
				356994DB29F8049C009ECB6A /* SceneDelegate.swift in Sources */,
				350D2DC029FB2A7F00826635 /* MainViewController.swift in Sources */,
				35F619E82A067D12001DD9EC /* HTTPMethod.swift in Sources */,
				350D2DCA29FB2D8000826635 /* API.swift in Sources */,
				35EADE7E29F9397C007AD942 /* Hero.swift in Sources */,
				35EADE8429F9489D007AD942 /* APIError.swift in Sources */,
				35F619EA2A067D70001DD9EC /* APIProtocol.swift in Sources */,
			);
			runOnlyForDeploymentPostprocessing = 0;
		};
		35F619EB2A068734001DD9EC /* Sources */ = {
			isa = PBXSourcesBuildPhase;
			buildActionMask = 2147483647;
			files = (
				35B1FE692A1CED64009F34AF /* APIUnitTest.swift in Sources */,
				35F619F22A068734001DD9EC /* DotaHeroes_iOSTests.swift in Sources */,
				35C72C072A1E6B5000A72F2D /* MockHeroAPI.swift in Sources */,
				35C72C032A1E675A00A72F2D /* MainViewPresenterTests.swift in Sources */,
			);
			runOnlyForDeploymentPostprocessing = 0;
		};
/* End PBXSourcesBuildPhase section */

/* Begin PBXTargetDependency section */
		35F619F42A068734001DD9EC /* PBXTargetDependency */ = {
			isa = PBXTargetDependency;
			target = 356994D429F8049C009ECB6A /* DotaHeroes-iOS */;
			targetProxy = 35F619F32A068734001DD9EC /* PBXContainerItemProxy */;
		};
/* End PBXTargetDependency section */

/* Begin PBXVariantGroup section */
		356994E329F8049F009ECB6A /* LaunchScreen.storyboard */ = {
			isa = PBXVariantGroup;
			children = (
				356994E429F8049F009ECB6A /* Base */,
			);
			name = LaunchScreen.storyboard;
			sourceTree = "<group>";
		};
/* End PBXVariantGroup section */

/* Begin XCBuildConfiguration section */
		356994E729F8049F009ECB6A /* Debug */ = {
			isa = XCBuildConfiguration;
			buildSettings = {
				ALWAYS_SEARCH_USER_PATHS = NO;
				CLANG_ANALYZER_NONNULL = YES;
				CLANG_ANALYZER_NUMBER_OBJECT_CONVERSION = YES_AGGRESSIVE;
				CLANG_CXX_LANGUAGE_STANDARD = "gnu++20";
				CLANG_ENABLE_MODULES = YES;
				CLANG_ENABLE_OBJC_ARC = YES;
				CLANG_ENABLE_OBJC_WEAK = YES;
				CLANG_WARN_BLOCK_CAPTURE_AUTORELEASING = YES;
				CLANG_WARN_BOOL_CONVERSION = YES;
				CLANG_WARN_COMMA = YES;
				CLANG_WARN_CONSTANT_CONVERSION = YES;
				CLANG_WARN_DEPRECATED_OBJC_IMPLEMENTATIONS = YES;
				CLANG_WARN_DIRECT_OBJC_ISA_USAGE = YES_ERROR;
				CLANG_WARN_DOCUMENTATION_COMMENTS = YES;
				CLANG_WARN_EMPTY_BODY = YES;
				CLANG_WARN_ENUM_CONVERSION = YES;
				CLANG_WARN_INFINITE_RECURSION = YES;
				CLANG_WARN_INT_CONVERSION = YES;
				CLANG_WARN_NON_LITERAL_NULL_CONVERSION = YES;
				CLANG_WARN_OBJC_IMPLICIT_RETAIN_SELF = YES;
				CLANG_WARN_OBJC_LITERAL_CONVERSION = YES;
				CLANG_WARN_OBJC_ROOT_CLASS = YES_ERROR;
				CLANG_WARN_QUOTED_INCLUDE_IN_FRAMEWORK_HEADER = YES;
				CLANG_WARN_RANGE_LOOP_ANALYSIS = YES;
				CLANG_WARN_STRICT_PROTOTYPES = YES;
				CLANG_WARN_SUSPICIOUS_MOVE = YES;
				CLANG_WARN_UNGUARDED_AVAILABILITY = YES_AGGRESSIVE;
				CLANG_WARN_UNREACHABLE_CODE = YES;
				CLANG_WARN__DUPLICATE_METHOD_MATCH = YES;
				COPY_PHASE_STRIP = NO;
				DEBUG_INFORMATION_FORMAT = dwarf;
				ENABLE_STRICT_OBJC_MSGSEND = YES;
				ENABLE_TESTABILITY = YES;
				GCC_C_LANGUAGE_STANDARD = gnu11;
				GCC_DYNAMIC_NO_PIC = NO;
				GCC_NO_COMMON_BLOCKS = YES;
				GCC_OPTIMIZATION_LEVEL = 0;
				GCC_PREPROCESSOR_DEFINITIONS = (
					"DEBUG=1",
					"$(inherited)",
				);
				GCC_WARN_64_TO_32_BIT_CONVERSION = YES;
				GCC_WARN_ABOUT_RETURN_TYPE = YES_ERROR;
				GCC_WARN_UNDECLARED_SELECTOR = YES;
				GCC_WARN_UNINITIALIZED_AUTOS = YES_AGGRESSIVE;
				GCC_WARN_UNUSED_FUNCTION = YES;
				GCC_WARN_UNUSED_VARIABLE = YES;
				IPHONEOS_DEPLOYMENT_TARGET = 16.2;
				MTL_ENABLE_DEBUG_INFO = INCLUDE_SOURCE;
				MTL_FAST_MATH = YES;
				ONLY_ACTIVE_ARCH = YES;
				SDKROOT = iphoneos;
				SWIFT_ACTIVE_COMPILATION_CONDITIONS = DEBUG;
				SWIFT_OPTIMIZATION_LEVEL = "-Onone";
			};
			name = Debug;
		};
		356994E829F8049F009ECB6A /* Release */ = {
			isa = XCBuildConfiguration;
			buildSettings = {
				ALWAYS_SEARCH_USER_PATHS = NO;
				CLANG_ANALYZER_NONNULL = YES;
				CLANG_ANALYZER_NUMBER_OBJECT_CONVERSION = YES_AGGRESSIVE;
				CLANG_CXX_LANGUAGE_STANDARD = "gnu++20";
				CLANG_ENABLE_MODULES = YES;
				CLANG_ENABLE_OBJC_ARC = YES;
				CLANG_ENABLE_OBJC_WEAK = YES;
				CLANG_WARN_BLOCK_CAPTURE_AUTORELEASING = YES;
				CLANG_WARN_BOOL_CONVERSION = YES;
				CLANG_WARN_COMMA = YES;
				CLANG_WARN_CONSTANT_CONVERSION = YES;
				CLANG_WARN_DEPRECATED_OBJC_IMPLEMENTATIONS = YES;
				CLANG_WARN_DIRECT_OBJC_ISA_USAGE = YES_ERROR;
				CLANG_WARN_DOCUMENTATION_COMMENTS = YES;
				CLANG_WARN_EMPTY_BODY = YES;
				CLANG_WARN_ENUM_CONVERSION = YES;
				CLANG_WARN_INFINITE_RECURSION = YES;
				CLANG_WARN_INT_CONVERSION = YES;
				CLANG_WARN_NON_LITERAL_NULL_CONVERSION = YES;
				CLANG_WARN_OBJC_IMPLICIT_RETAIN_SELF = YES;
				CLANG_WARN_OBJC_LITERAL_CONVERSION = YES;
				CLANG_WARN_OBJC_ROOT_CLASS = YES_ERROR;
				CLANG_WARN_QUOTED_INCLUDE_IN_FRAMEWORK_HEADER = YES;
				CLANG_WARN_RANGE_LOOP_ANALYSIS = YES;
				CLANG_WARN_STRICT_PROTOTYPES = YES;
				CLANG_WARN_SUSPICIOUS_MOVE = YES;
				CLANG_WARN_UNGUARDED_AVAILABILITY = YES_AGGRESSIVE;
				CLANG_WARN_UNREACHABLE_CODE = YES;
				CLANG_WARN__DUPLICATE_METHOD_MATCH = YES;
				COPY_PHASE_STRIP = NO;
				DEBUG_INFORMATION_FORMAT = "dwarf-with-dsym";
				ENABLE_NS_ASSERTIONS = NO;
				ENABLE_STRICT_OBJC_MSGSEND = YES;
				GCC_C_LANGUAGE_STANDARD = gnu11;
				GCC_NO_COMMON_BLOCKS = YES;
				GCC_WARN_64_TO_32_BIT_CONVERSION = YES;
				GCC_WARN_ABOUT_RETURN_TYPE = YES_ERROR;
				GCC_WARN_UNDECLARED_SELECTOR = YES;
				GCC_WARN_UNINITIALIZED_AUTOS = YES_AGGRESSIVE;
				GCC_WARN_UNUSED_FUNCTION = YES;
				GCC_WARN_UNUSED_VARIABLE = YES;
				IPHONEOS_DEPLOYMENT_TARGET = 16.2;
				MTL_ENABLE_DEBUG_INFO = NO;
				MTL_FAST_MATH = YES;
				SDKROOT = iphoneos;
				SWIFT_COMPILATION_MODE = wholemodule;
				SWIFT_OPTIMIZATION_LEVEL = "-O";
				VALIDATE_PRODUCT = YES;
			};
			name = Release;
		};
		356994EA29F8049F009ECB6A /* Debug */ = {
			isa = XCBuildConfiguration;
			buildSettings = {
				ASSETCATALOG_COMPILER_APPICON_NAME = AppIcon;
				ASSETCATALOG_COMPILER_GLOBAL_ACCENT_COLOR_NAME = AccentColor;
				CODE_SIGN_STYLE = Automatic;
				CURRENT_PROJECT_VERSION = 1;
				DEVELOPMENT_TEAM = J288PKR5UX;
				GENERATE_INFOPLIST_FILE = YES;
				INFOPLIST_FILE = "DotaHeroes-iOS/Info.plist";
				INFOPLIST_KEY_UIApplicationSupportsIndirectInputEvents = YES;
				INFOPLIST_KEY_UILaunchStoryboardName = LaunchScreen;
				INFOPLIST_KEY_UIMainStoryboardFile = "";
				INFOPLIST_KEY_UISupportedInterfaceOrientations_iPad = "UIInterfaceOrientationPortrait UIInterfaceOrientationPortraitUpsideDown UIInterfaceOrientationLandscapeLeft UIInterfaceOrientationLandscapeRight";
				INFOPLIST_KEY_UISupportedInterfaceOrientations_iPhone = "UIInterfaceOrientationPortrait UIInterfaceOrientationLandscapeLeft UIInterfaceOrientationLandscapeRight";
				LD_RUNPATH_SEARCH_PATHS = (
					"$(inherited)",
					"@executable_path/Frameworks",
				);
				MARKETING_VERSION = 1.0;
				PRODUCT_BUNDLE_IDENTIFIER = "com.ayodejiayankola.DotaHeroes-iOS";
				PRODUCT_NAME = "$(TARGET_NAME)";
				SWIFT_EMIT_LOC_STRINGS = YES;
				SWIFT_VERSION = 5.0;
				TARGETED_DEVICE_FAMILY = "1,2";
			};
			name = Debug;
		};
		356994EB29F8049F009ECB6A /* Release */ = {
			isa = XCBuildConfiguration;
			buildSettings = {
				ASSETCATALOG_COMPILER_APPICON_NAME = AppIcon;
				ASSETCATALOG_COMPILER_GLOBAL_ACCENT_COLOR_NAME = AccentColor;
				CODE_SIGN_STYLE = Automatic;
				CURRENT_PROJECT_VERSION = 1;
				DEVELOPMENT_TEAM = J288PKR5UX;
				GENERATE_INFOPLIST_FILE = YES;
				INFOPLIST_FILE = "DotaHeroes-iOS/Info.plist";
				INFOPLIST_KEY_UIApplicationSupportsIndirectInputEvents = YES;
				INFOPLIST_KEY_UILaunchStoryboardName = LaunchScreen;
				INFOPLIST_KEY_UIMainStoryboardFile = "";
				INFOPLIST_KEY_UISupportedInterfaceOrientations_iPad = "UIInterfaceOrientationPortrait UIInterfaceOrientationPortraitUpsideDown UIInterfaceOrientationLandscapeLeft UIInterfaceOrientationLandscapeRight";
				INFOPLIST_KEY_UISupportedInterfaceOrientations_iPhone = "UIInterfaceOrientationPortrait UIInterfaceOrientationLandscapeLeft UIInterfaceOrientationLandscapeRight";
				LD_RUNPATH_SEARCH_PATHS = (
					"$(inherited)",
					"@executable_path/Frameworks",
				);
				MARKETING_VERSION = 1.0;
				PRODUCT_BUNDLE_IDENTIFIER = "com.ayodejiayankola.DotaHeroes-iOS";
				PRODUCT_NAME = "$(TARGET_NAME)";
				SWIFT_EMIT_LOC_STRINGS = YES;
				SWIFT_VERSION = 5.0;
				TARGETED_DEVICE_FAMILY = "1,2";
			};
			name = Release;
		};
		35F619F62A068734001DD9EC /* Debug */ = {
			isa = XCBuildConfiguration;
			buildSettings = {
				BUNDLE_LOADER = "$(TEST_HOST)";
				CODE_SIGN_STYLE = Automatic;
				CURRENT_PROJECT_VERSION = 1;
				DEVELOPMENT_TEAM = J288PKR5UX;
				GENERATE_INFOPLIST_FILE = YES;
				MARKETING_VERSION = 1.0;
				PRODUCT_BUNDLE_IDENTIFIER = "com.ayodejiayankola.DotaHeroes-iOSTests";
				PRODUCT_NAME = "$(TARGET_NAME)";
				SWIFT_EMIT_LOC_STRINGS = NO;
				SWIFT_VERSION = 5.0;
				TARGETED_DEVICE_FAMILY = "1,2";
				TEST_HOST = "$(BUILT_PRODUCTS_DIR)/DotaHeroes-iOS.app/$(BUNDLE_EXECUTABLE_FOLDER_PATH)/DotaHeroes-iOS";
			};
			name = Debug;
		};
		35F619F72A068734001DD9EC /* Release */ = {
			isa = XCBuildConfiguration;
			buildSettings = {
				BUNDLE_LOADER = "$(TEST_HOST)";
				CODE_SIGN_STYLE = Automatic;
				CURRENT_PROJECT_VERSION = 1;
				DEVELOPMENT_TEAM = J288PKR5UX;
				GENERATE_INFOPLIST_FILE = YES;
				MARKETING_VERSION = 1.0;
				PRODUCT_BUNDLE_IDENTIFIER = "com.ayodejiayankola.DotaHeroes-iOSTests";
				PRODUCT_NAME = "$(TARGET_NAME)";
				SWIFT_EMIT_LOC_STRINGS = NO;
				SWIFT_VERSION = 5.0;
				TARGETED_DEVICE_FAMILY = "1,2";
				TEST_HOST = "$(BUILT_PRODUCTS_DIR)/DotaHeroes-iOS.app/$(BUNDLE_EXECUTABLE_FOLDER_PATH)/DotaHeroes-iOS";
			};
			name = Release;
		};
/* End XCBuildConfiguration section */

/* Begin XCConfigurationList section */
		356994D029F8049C009ECB6A /* Build configuration list for PBXProject "DotaHeroes-iOS" */ = {
			isa = XCConfigurationList;
			buildConfigurations = (
				356994E729F8049F009ECB6A /* Debug */,
				356994E829F8049F009ECB6A /* Release */,
			);
			defaultConfigurationIsVisible = 0;
			defaultConfigurationName = Release;
		};
		356994E929F8049F009ECB6A /* Build configuration list for PBXNativeTarget "DotaHeroes-iOS" */ = {
			isa = XCConfigurationList;
			buildConfigurations = (
				356994EA29F8049F009ECB6A /* Debug */,
				356994EB29F8049F009ECB6A /* Release */,
			);
			defaultConfigurationIsVisible = 0;
			defaultConfigurationName = Release;
		};
		35F619F52A068734001DD9EC /* Build configuration list for PBXNativeTarget "DotaHeroes-iOSTests" */ = {
			isa = XCConfigurationList;
			buildConfigurations = (
				35F619F62A068734001DD9EC /* Debug */,
				35F619F72A068734001DD9EC /* Release */,
			);
			defaultConfigurationIsVisible = 0;
			defaultConfigurationName = Release;
		};
/* End XCConfigurationList section */

/* Begin XCRemoteSwiftPackageReference section */
		35B930A92A030DD40067B1D5 /* XCRemoteSwiftPackageReference "SDWebImage" */ = {
			isa = XCRemoteSwiftPackageReference;
			repositoryURL = "https://github.com/SDWebImage/SDWebImage.git";
			requirement = {
				branch = master;
				kind = branch;
			};
		};
/* End XCRemoteSwiftPackageReference section */

/* Begin XCSwiftPackageProductDependency section */
		35B1FE6B2A1CF9FF009F34AF /* SDWebImage */ = {
			isa = XCSwiftPackageProductDependency;
			package = 35B930A92A030DD40067B1D5 /* XCRemoteSwiftPackageReference "SDWebImage" */;
			productName = SDWebImage;
		};
		35B1FE6D2A1CFA03009F34AF /* SDWebImageMapKit */ = {
			isa = XCSwiftPackageProductDependency;
			package = 35B930A92A030DD40067B1D5 /* XCRemoteSwiftPackageReference "SDWebImage" */;
			productName = SDWebImageMapKit;
		};
		35B930AA2A030DD40067B1D5 /* SDWebImage */ = {
			isa = XCSwiftPackageProductDependency;
			package = 35B930A92A030DD40067B1D5 /* XCRemoteSwiftPackageReference "SDWebImage" */;
			productName = SDWebImage;
		};
		35B930AC2A030DD40067B1D5 /* SDWebImageMapKit */ = {
			isa = XCSwiftPackageProductDependency;
			package = 35B930A92A030DD40067B1D5 /* XCRemoteSwiftPackageReference "SDWebImage" */;
			productName = SDWebImageMapKit;
		};
/* End XCSwiftPackageProductDependency section */
	};
	rootObject = 356994CD29F8049C009ECB6A /* Project object */;
}
