// !$*UTF8*$!
{
	archiveVersion = 1;
	classes = {
	};
	objectVersion = 56;
	objects = {

/* Begin PBXBuildFile section */
		356994D929F8049C009ECB6A /* AppDelegate.swift in Sources */ = {isa = PBXBuildFile; fileRef = 356994D829F8049C009ECB6A /* AppDelegate.swift */; };
		356994DB29F8049C009ECB6A /* SceneDelegate.swift in Sources */ = {isa = PBXBuildFile; fileRef = 356994DA29F8049C009ECB6A /* SceneDelegate.swift */; };
		356994DD29F8049C009ECB6A /* ViewController.swift in Sources */ = {isa = PBXBuildFile; fileRef = 356994DC29F8049C009ECB6A /* ViewController.swift */; };
		356994E229F8049F009ECB6A /* Assets.xcassets in Resources */ = {isa = PBXBuildFile; fileRef = 356994E129F8049F009ECB6A /* Assets.xcassets */; };
		356994E529F8049F009ECB6A /* LaunchScreen.storyboard in Resources */ = {isa = PBXBuildFile; fileRef = 356994E329F8049F009ECB6A /* LaunchScreen.storyboard */; };
		35EADE7E29F9397C007AD942 /* Hero.swift in Sources */ = {isa = PBXBuildFile; fileRef = 35EADE7D29F9397C007AD942 /* Hero.swift */; };
/* End PBXBuildFile section */

/* Begin PBXFileReference section */
		356994D529F8049C009ECB6A /* DotaHeroes-iOS.app */ = {isa = PBXFileReference; explicitFileType = wrapper.application; includeInIndex = 0; path = "DotaHeroes-iOS.app"; sourceTree = BUILT_PRODUCTS_DIR; };
		356994D829F8049C009ECB6A /* AppDelegate.swift */ = {isa = PBXFileReference; lastKnownFileType = sourcecode.swift; path = AppDelegate.swift; sourceTree = "<group>"; };
		356994DA29F8049C009ECB6A /* SceneDelegate.swift */ = {isa = PBXFileReference; lastKnownFileType = sourcecode.swift; path = SceneDelegate.swift; sourceTree = "<group>"; };
		356994DC29F8049C009ECB6A /* ViewController.swift */ = {isa = PBXFileReference; lastKnownFileType = sourcecode.swift; path = ViewController.swift; sourceTree = "<group>"; };
		356994E129F8049F009ECB6A /* Assets.xcassets */ = {isa = PBXFileReference; lastKnownFileType = folder.assetcatalog; path = Assets.xcassets; sourceTree = "<group>"; };
		356994E429F8049F009ECB6A /* Base */ = {isa = PBXFileReference; lastKnownFileType = file.storyboard; name = Base; path = Base.lproj/LaunchScreen.storyboard; sourceTree = "<group>"; };
		356994E629F8049F009ECB6A /* Info.plist */ = {isa = PBXFileReference; lastKnownFileType = text.plist.xml; path = Info.plist; sourceTree = "<group>"; };
		35EADE7D29F9397C007AD942 /* Hero.swift */ = {isa = PBXFileReference; lastKnownFileType = sourcecode.swift; path = Hero.swift; sourceTree = "<group>"; };
/* End PBXFileReference section */

/* Begin PBXFrameworksBuildPhase section */
		356994D229F8049C009ECB6A /* Frameworks */ = {
			isa = PBXFrameworksBuildPhase;
			buildActionMask = 2147483647;
			files = (
			);
			runOnlyForDeploymentPostprocessing = 0;
		};
/* End PBXFrameworksBuildPhase section */

/* Begin PBXGroup section */
		356994CC29F8049C009ECB6A = {
			isa = PBXGroup;
			children = (
				356994D729F8049C009ECB6A /* DotaHeroes-iOS */,
				356994D629F8049C009ECB6A /* Products */,
			);
			sourceTree = "<group>";
		};
		356994D629F8049C009ECB6A /* Products */ = {
			isa = PBXGroup;
			children = (
				356994D529F8049C009ECB6A /* DotaHeroes-iOS.app */,
			);
			name = Products;
			sourceTree = "<group>";
		};
		356994D729F8049C009ECB6A /* DotaHeroes-iOS */ = {
			isa = PBXGroup;
			children = (
				356994F429F80BE7009ECB6A /* Resources */,
				356994F329F80BD2009ECB6A /* Network */,
				356994F229F80BC8009ECB6A /* Model */,
				356994EC29F80B3C009ECB6A /* Main */,
				356994ED29F80B47009ECB6A /* Detail */,
				356994D829F8049C009ECB6A /* AppDelegate.swift */,
				356994DA29F8049C009ECB6A /* SceneDelegate.swift */,
				356994DC29F8049C009ECB6A /* ViewController.swift */,
				356994E129F8049F009ECB6A /* Assets.xcassets */,
				356994E329F8049F009ECB6A /* LaunchScreen.storyboard */,
				356994E629F8049F009ECB6A /* Info.plist */,
			);
			path = "DotaHeroes-iOS";
			sourceTree = "<group>";
		};
		356994EC29F80B3C009ECB6A /* Main */ = {
			isa = PBXGroup;
			children = (
				356994F129F80BAC009ECB6A /* View */,
				356994F029F80BA1009ECB6A /* Controller */,
				356994EF29F80B97009ECB6A /* Presenter */,
				356994EE29F80B7B009ECB6A /* Protocols */,
			);
			path = Main;
			sourceTree = "<group>";
		};
		356994ED29F80B47009ECB6A /* Detail */ = {
			isa = PBXGroup;
			children = (
				356994F529F80C10009ECB6A /* View */,
				356994F629F80C1D009ECB6A /* Controller */,
				356994F729F80C2D009ECB6A /* Presenter */,
				356994F829F80C36009ECB6A /* Protocols */,
			);
			path = Detail;
			sourceTree = "<group>";
		};
		356994EE29F80B7B009ECB6A /* Protocols */ = {
			isa = PBXGroup;
			children = (
			);
			path = Protocols;
			sourceTree = "<group>";
		};
		356994EF29F80B97009ECB6A /* Presenter */ = {
			isa = PBXGroup;
			children = (
			);
			path = Presenter;
			sourceTree = "<group>";
		};
		356994F029F80BA1009ECB6A /* Controller */ = {
			isa = PBXGroup;
			children = (
			);
			path = Controller;
			sourceTree = "<group>";
		};
		356994F129F80BAC009ECB6A /* View */ = {
			isa = PBXGroup;
			children = (
			);
			path = View;
			sourceTree = "<group>";
		};
		356994F229F80BC8009ECB6A /* Model */ = {
			isa = PBXGroup;
			children = (
				35EADE7D29F9397C007AD942 /* Hero.swift */,
			);
			path = Model;
			sourceTree = "<group>";
		};
		356994F329F80BD2009ECB6A /* Network */ = {
			isa = PBXGroup;
			children = (
			);
			path = Network;
			sourceTree = "<group>";
		};
		356994F429F80BE7009ECB6A /* Resources */ = {
			isa = PBXGroup;
			children = (
			);
			path = Resources;
			sourceTree = "<group>";
		};
		356994F529F80C10009ECB6A /* View */ = {
			isa = PBXGroup;
			children = (
			);
			path = View;
			sourceTree = "<group>";
		};
		356994F629F80C1D009ECB6A /* Controller */ = {
			isa = PBXGroup;
			children = (
			);
			path = Controller;
			sourceTree = "<group>";
		};
		356994F729F80C2D009ECB6A /* Presenter */ = {
			isa = PBXGroup;
			children = (
			);
			path = Presenter;
			sourceTree = "<group>";
		};
		356994F829F80C36009ECB6A /* Protocols */ = {
			isa = PBXGroup;
			children = (
			);
			path = Protocols;
			sourceTree = "<group>";
		};
/* End PBXGroup section */

/* Begin PBXNativeTarget section */
		356994D429F8049C009ECB6A /* DotaHeroes-iOS */ = {
			isa = PBXNativeTarget;
			buildConfigurationList = 356994E929F8049F009ECB6A /* Build configuration list for PBXNativeTarget "DotaHeroes-iOS" */;
			buildPhases = (
				356994D129F8049C009ECB6A /* Sources */,
				356994D229F8049C009ECB6A /* Frameworks */,
				356994D329F8049C009ECB6A /* Resources */,
			);
			buildRules = (
			);
			dependencies = (
			);
			name = "DotaHeroes-iOS";
			productName = "DotaHeroes-iOS";
			productReference = 356994D529F8049C009ECB6A /* DotaHeroes-iOS.app */;
			productType = "com.apple.product-type.application";
		};
/* End PBXNativeTarget section */

/* Begin PBXProject section */
		356994CD29F8049C009ECB6A /* Project object */ = {
			isa = PBXProject;
			attributes = {
				BuildIndependentTargetsInParallel = 1;
				LastSwiftUpdateCheck = 1420;
				LastUpgradeCheck = 1420;
				TargetAttributes = {
					356994D429F8049C009ECB6A = {
						CreatedOnToolsVersion = 14.2;
					};
				};
			};
			buildConfigurationList = 356994D029F8049C009ECB6A /* Build configuration list for PBXProject "DotaHeroes-iOS" */;
			compatibilityVersion = "Xcode 14.0";
			developmentRegion = en;
			hasScannedForEncodings = 0;
			knownRegions = (
				en,
				Base,
			);
			mainGroup = 356994CC29F8049C009ECB6A;
			productRefGroup = 356994D629F8049C009ECB6A /* Products */;
			projectDirPath = "";
			projectRoot = "";
			targets = (
				356994D429F8049C009ECB6A /* DotaHeroes-iOS */,
			);
		};
/* End PBXProject section */

/* Begin PBXResourcesBuildPhase section */
		356994D329F8049C009ECB6A /* Resources */ = {
			isa = PBXResourcesBuildPhase;
			buildActionMask = 2147483647;
			files = (
				356994E529F8049F009ECB6A /* LaunchScreen.storyboard in Resources */,
				356994E229F8049F009ECB6A /* Assets.xcassets in Resources */,
			);
			runOnlyForDeploymentPostprocessing = 0;
		};
/* End PBXResourcesBuildPhase section */

/* Begin PBXSourcesBuildPhase section */
		356994D129F8049C009ECB6A /* Sources */ = {
			isa = PBXSourcesBuildPhase;
			buildActionMask = 2147483647;
			files = (
				356994DD29F8049C009ECB6A /* ViewController.swift in Sources */,
				356994D929F8049C009ECB6A /* AppDelegate.swift in Sources */,
				356994DB29F8049C009ECB6A /* SceneDelegate.swift in Sources */,
				35EADE7E29F9397C007AD942 /* Hero.swift in Sources */,
			);
			runOnlyForDeploymentPostprocessing = 0;
		};
/* End PBXSourcesBuildPhase section */

/* Begin PBXVariantGroup section */
		356994E329F8049F009ECB6A /* LaunchScreen.storyboard */ = {
			isa = PBXVariantGroup;
			children = (
				356994E429F8049F009ECB6A /* Base */,
			);
			name = LaunchScreen.storyboard;
			sourceTree = "<group>";
		};
/* End PBXVariantGroup section */

/* Begin XCBuildConfiguration section */
		356994E729F8049F009ECB6A /* Debug */ = {
			isa = XCBuildConfiguration;
			buildSettings = {
				ALWAYS_SEARCH_USER_PATHS = NO;
				CLANG_ANALYZER_NONNULL = YES;
				CLANG_ANALYZER_NUMBER_OBJECT_CONVERSION = YES_AGGRESSIVE;
				CLANG_CXX_LANGUAGE_STANDARD = "gnu++20";
				CLANG_ENABLE_MODULES = YES;
				CLANG_ENABLE_OBJC_ARC = YES;
				CLANG_ENABLE_OBJC_WEAK = YES;
				CLANG_WARN_BLOCK_CAPTURE_AUTORELEASING = YES;
				CLANG_WARN_BOOL_CONVERSION = YES;
				CLANG_WARN_COMMA = YES;
				CLANG_WARN_CONSTANT_CONVERSION = YES;
				CLANG_WARN_DEPRECATED_OBJC_IMPLEMENTATIONS = YES;
				CLANG_WARN_DIRECT_OBJC_ISA_USAGE = YES_ERROR;
				CLANG_WARN_DOCUMENTATION_COMMENTS = YES;
				CLANG_WARN_EMPTY_BODY = YES;
				CLANG_WARN_ENUM_CONVERSION = YES;
				CLANG_WARN_INFINITE_RECURSION = YES;
				CLANG_WARN_INT_CONVERSION = YES;
				CLANG_WARN_NON_LITERAL_NULL_CONVERSION = YES;
				CLANG_WARN_OBJC_IMPLICIT_RETAIN_SELF = YES;
				CLANG_WARN_OBJC_LITERAL_CONVERSION = YES;
				CLANG_WARN_OBJC_ROOT_CLASS = YES_ERROR;
				CLANG_WARN_QUOTED_INCLUDE_IN_FRAMEWORK_HEADER = YES;
				CLANG_WARN_RANGE_LOOP_ANALYSIS = YES;
				CLANG_WARN_STRICT_PROTOTYPES = YES;
				CLANG_WARN_SUSPICIOUS_MOVE = YES;
				CLANG_WARN_UNGUARDED_AVAILABILITY = YES_AGGRESSIVE;
				CLANG_WARN_UNREACHABLE_CODE = YES;
				CLANG_WARN__DUPLICATE_METHOD_MATCH = YES;
				COPY_PHASE_STRIP = NO;
				DEBUG_INFORMATION_FORMAT = dwarf;
				ENABLE_STRICT_OBJC_MSGSEND = YES;
				ENABLE_TESTABILITY = YES;
				GCC_C_LANGUAGE_STANDARD = gnu11;
				GCC_DYNAMIC_NO_PIC = NO;
				GCC_NO_COMMON_BLOCKS = YES;
				GCC_OPTIMIZATION_LEVEL = 0;
				GCC_PREPROCESSOR_DEFINITIONS = (
					"DEBUG=1",
					"$(inherited)",
				);
				GCC_WARN_64_TO_32_BIT_CONVERSION = YES;
				GCC_WARN_ABOUT_RETURN_TYPE = YES_ERROR;
				GCC_WARN_UNDECLARED_SELECTOR = YES;
				GCC_WARN_UNINITIALIZED_AUTOS = YES_AGGRESSIVE;
				GCC_WARN_UNUSED_FUNCTION = YES;
				GCC_WARN_UNUSED_VARIABLE = YES;
				IPHONEOS_DEPLOYMENT_TARGET = 16.2;
				MTL_ENABLE_DEBUG_INFO = INCLUDE_SOURCE;
				MTL_FAST_MATH = YES;
				ONLY_ACTIVE_ARCH = YES;
				SDKROOT = iphoneos;
				SWIFT_ACTIVE_COMPILATION_CONDITIONS = DEBUG;
				SWIFT_OPTIMIZATION_LEVEL = "-Onone";
			};
			name = Debug;
		};
		356994E829F8049F009ECB6A /* Release */ = {
			isa = XCBuildConfiguration;
			buildSettings = {
				ALWAYS_SEARCH_USER_PATHS = NO;
				CLANG_ANALYZER_NONNULL = YES;
				CLANG_ANALYZER_NUMBER_OBJECT_CONVERSION = YES_AGGRESSIVE;
				CLANG_CXX_LANGUAGE_STANDARD = "gnu++20";
				CLANG_ENABLE_MODULES = YES;
				CLANG_ENABLE_OBJC_ARC = YES;
				CLANG_ENABLE_OBJC_WEAK = YES;
				CLANG_WARN_BLOCK_CAPTURE_AUTORELEASING = YES;
				CLANG_WARN_BOOL_CONVERSION = YES;
				CLANG_WARN_COMMA = YES;
				CLANG_WARN_CONSTANT_CONVERSION = YES;
				CLANG_WARN_DEPRECATED_OBJC_IMPLEMENTATIONS = YES;
				CLANG_WARN_DIRECT_OBJC_ISA_USAGE = YES_ERROR;
				CLANG_WARN_DOCUMENTATION_COMMENTS = YES;
				CLANG_WARN_EMPTY_BODY = YES;
				CLANG_WARN_ENUM_CONVERSION = YES;
				CLANG_WARN_INFINITE_RECURSION = YES;
				CLANG_WARN_INT_CONVERSION = YES;
				CLANG_WARN_NON_LITERAL_NULL_CONVERSION = YES;
				CLANG_WARN_OBJC_IMPLICIT_RETAIN_SELF = YES;
				CLANG_WARN_OBJC_LITERAL_CONVERSION = YES;
				CLANG_WARN_OBJC_ROOT_CLASS = YES_ERROR;
				CLANG_WARN_QUOTED_INCLUDE_IN_FRAMEWORK_HEADER = YES;
				CLANG_WARN_RANGE_LOOP_ANALYSIS = YES;
				CLANG_WARN_STRICT_PROTOTYPES = YES;
				CLANG_WARN_SUSPICIOUS_MOVE = YES;
				CLANG_WARN_UNGUARDED_AVAILABILITY = YES_AGGRESSIVE;
				CLANG_WARN_UNREACHABLE_CODE = YES;
				CLANG_WARN__DUPLICATE_METHOD_MATCH = YES;
				COPY_PHASE_STRIP = NO;
				DEBUG_INFORMATION_FORMAT = "dwarf-with-dsym";
				ENABLE_NS_ASSERTIONS = NO;
				ENABLE_STRICT_OBJC_MSGSEND = YES;
				GCC_C_LANGUAGE_STANDARD = gnu11;
				GCC_NO_COMMON_BLOCKS = YES;
				GCC_WARN_64_TO_32_BIT_CONVERSION = YES;
				GCC_WARN_ABOUT_RETURN_TYPE = YES_ERROR;
				GCC_WARN_UNDECLARED_SELECTOR = YES;
				GCC_WARN_UNINITIALIZED_AUTOS = YES_AGGRESSIVE;
				GCC_WARN_UNUSED_FUNCTION = YES;
				GCC_WARN_UNUSED_VARIABLE = YES;
				IPHONEOS_DEPLOYMENT_TARGET = 16.2;
				MTL_ENABLE_DEBUG_INFO = NO;
				MTL_FAST_MATH = YES;
				SDKROOT = iphoneos;
				SWIFT_COMPILATION_MODE = wholemodule;
				SWIFT_OPTIMIZATION_LEVEL = "-O";
				VALIDATE_PRODUCT = YES;
			};
			name = Release;
		};
		356994EA29F8049F009ECB6A /* Debug */ = {
			isa = XCBuildConfiguration;
			buildSettings = {
				ASSETCATALOG_COMPILER_APPICON_NAME = AppIcon;
				ASSETCATALOG_COMPILER_GLOBAL_ACCENT_COLOR_NAME = AccentColor;
				CODE_SIGN_STYLE = Automatic;
				CURRENT_PROJECT_VERSION = 1;
				DEVELOPMENT_TEAM = J288PKR5UX;
				GENERATE_INFOPLIST_FILE = YES;
				INFOPLIST_FILE = "DotaHeroes-iOS/Info.plist";
				INFOPLIST_KEY_UIApplicationSupportsIndirectInputEvents = YES;
				INFOPLIST_KEY_UILaunchStoryboardName = LaunchScreen;
				INFOPLIST_KEY_UIMainStoryboardFile = "";
				INFOPLIST_KEY_UISupportedInterfaceOrientations_iPad = "UIInterfaceOrientationPortrait UIInterfaceOrientationPortraitUpsideDown UIInterfaceOrientationLandscapeLeft UIInterfaceOrientationLandscapeRight";
				INFOPLIST_KEY_UISupportedInterfaceOrientations_iPhone = "UIInterfaceOrientationPortrait UIInterfaceOrientationLandscapeLeft UIInterfaceOrientationLandscapeRight";
				LD_RUNPATH_SEARCH_PATHS = (
					"$(inherited)",
					"@executable_path/Frameworks",
				);
				MARKETING_VERSION = 1.0;
				PRODUCT_BUNDLE_IDENTIFIER = "com.ayodejiayankola.DotaHeroes-iOS";
				PRODUCT_NAME = "$(TARGET_NAME)";
				SWIFT_EMIT_LOC_STRINGS = YES;
				SWIFT_VERSION = 5.0;
				TARGETED_DEVICE_FAMILY = "1,2";
			};
			name = Debug;
		};
		356994EB29F8049F009ECB6A /* Release */ = {
			isa = XCBuildConfiguration;
			buildSettings = {
				ASSETCATALOG_COMPILER_APPICON_NAME = AppIcon;
				ASSETCATALOG_COMPILER_GLOBAL_ACCENT_COLOR_NAME = AccentColor;
				CODE_SIGN_STYLE = Automatic;
				CURRENT_PROJECT_VERSION = 1;
				DEVELOPMENT_TEAM = J288PKR5UX;
				GENERATE_INFOPLIST_FILE = YES;
				INFOPLIST_FILE = "DotaHeroes-iOS/Info.plist";
				INFOPLIST_KEY_UIApplicationSupportsIndirectInputEvents = YES;
				INFOPLIST_KEY_UILaunchStoryboardName = LaunchScreen;
				INFOPLIST_KEY_UIMainStoryboardFile = "";
				INFOPLIST_KEY_UISupportedInterfaceOrientations_iPad = "UIInterfaceOrientationPortrait UIInterfaceOrientationPortraitUpsideDown UIInterfaceOrientationLandscapeLeft UIInterfaceOrientationLandscapeRight";
				INFOPLIST_KEY_UISupportedInterfaceOrientations_iPhone = "UIInterfaceOrientationPortrait UIInterfaceOrientationLandscapeLeft UIInterfaceOrientationLandscapeRight";
				LD_RUNPATH_SEARCH_PATHS = (
					"$(inherited)",
					"@executable_path/Frameworks",
				);
				MARKETING_VERSION = 1.0;
				PRODUCT_BUNDLE_IDENTIFIER = "com.ayodejiayankola.DotaHeroes-iOS";
				PRODUCT_NAME = "$(TARGET_NAME)";
				SWIFT_EMIT_LOC_STRINGS = YES;
				SWIFT_VERSION = 5.0;
				TARGETED_DEVICE_FAMILY = "1,2";
			};
			name = Release;
		};
/* End XCBuildConfiguration section */

/* Begin XCConfigurationList section */
		356994D029F8049C009ECB6A /* Build configuration list for PBXProject "DotaHeroes-iOS" */ = {
			isa = XCConfigurationList;
			buildConfigurations = (
				356994E729F8049F009ECB6A /* Debug */,
				356994E829F8049F009ECB6A /* Release */,
			);
			defaultConfigurationIsVisible = 0;
			defaultConfigurationName = Release;
		};
		356994E929F8049F009ECB6A /* Build configuration list for PBXNativeTarget "DotaHeroes-iOS" */ = {
			isa = XCConfigurationList;
			buildConfigurations = (
				356994EA29F8049F009ECB6A /* Debug */,
				356994EB29F8049F009ECB6A /* Release */,
			);
			defaultConfigurationIsVisible = 0;
			defaultConfigurationName = Release;
		};
/* End XCConfigurationList section */
	};
	rootObject = 356994CD29F8049C009ECB6A /* Project object */;
}
